
Microsoft Visual Studio Solution File, Format Version 12.00
Project("{FAE04EC0-301F-11D3-BF4B-00C04F79EFBC}") = "CsDecompileLib", "CsDecompileLib\CsDecompileLib.csproj", "{DF3534C7-4DF6-40AA-8D75-1D62D7619F84}"
EndProject
Project("{FAE04EC0-301F-11D3-BF4B-00C04F79EFBC}") = "StdIoHost", "StdIoHost\StdIoHost.csproj", "{E40659B5-23E1-44D9-BCE5-1A383CF0C899}"
EndProject
Project("{FAE04EC0-301F-11D3-BF4B-00C04F79EFBC}") = "Build", "build\Build.csproj", "{E325E81B-7297-4F8A-B154-3CD02EF8A536}"
EndProject
Project("{FAE04EC0-301F-11D3-BF4B-00C04F79EFBC}") = "IntegrationTests", "Tests\IntegrationTests\IntegrationTests.csproj", "{48F14EEF-B427-4FA1-8343-363A75CE3DAC}"
EndProject
Global
	GlobalSection(SolutionConfigurationPlatforms) = preSolution
		Debug|Any CPU = Debug|Any CPU
		Release|Any CPU = Release|Any CPU
	EndGlobalSection
	GlobalSection(ProjectConfigurationPlatforms) = postSolution
		{DF3534C7-4DF6-40AA-8D75-1D62D7619F84}.Debug|Any CPU.ActiveCfg = Debug|Any CPU
		{DF3534C7-4DF6-40AA-8D75-1D62D7619F84}.Debug|Any CPU.Build.0 = Debug|Any CPU
		{DF3534C7-4DF6-40AA-8D75-1D62D7619F84}.Release|Any CPU.ActiveCfg = Release|Any CPU
		{DF3534C7-4DF6-40AA-8D75-1D62D7619F84}.Release|Any CPU.Build.0 = Release|Any CPU
		{E40659B5-23E1-44D9-BCE5-1A383CF0C899}.Debug|Any CPU.ActiveCfg = Debug|Any CPU
		{E40659B5-23E1-44D9-BCE5-1A383CF0C899}.Debug|Any CPU.Build.0 = Debug|Any CPU
		{E40659B5-23E1-44D9-BCE5-1A383CF0C899}.Release|Any CPU.ActiveCfg = Release|Any CPU
		{E40659B5-23E1-44D9-BCE5-1A383CF0C899}.Release|Any CPU.Build.0 = Release|Any CPU
		{E325E81B-7297-4F8A-B154-3CD02EF8A536}.Debug|Any CPU.ActiveCfg = Debug|Any CPU
		{E325E81B-7297-4F8A-B154-3CD02EF8A536}.Debug|Any CPU.Build.0 = Debug|Any CPU
		{E325E81B-7297-4F8A-B154-3CD02EF8A536}.Release|Any CPU.ActiveCfg = Release|Any CPU
		{E325E81B-7297-4F8A-B154-3CD02EF8A536}.Release|Any CPU.Build.0 = Release|Any CPU
		{48F14EEF-B427-4FA1-8343-363A75CE3DAC}.Debug|Any CPU.ActiveCfg = Debug|Any CPU
		{48F14EEF-B427-4FA1-8343-363A75CE3DAC}.Debug|Any CPU.Build.0 = Debug|Any CPU
		{48F14EEF-B427-4FA1-8343-363A75CE3DAC}.Release|Any CPU.ActiveCfg = Release|Any CPU
		{48F14EEF-B427-4FA1-8343-363A75CE3DAC}.Release|Any CPU.Build.0 = Release|Any CPU
	EndGlobalSection
EndGlobal
