
Microsoft Visual Studio Solution File, Format Version 12.00
Project("{FAE04EC0-301F-11D3-BF4B-00C04F79EFBC}") = "TryOmnisharpExtension", "TryOmnisharpExtension\TryOmnisharpExtension.csproj", "{DF3534C7-4DF6-40AA-8D75-1D62D7619F84}"
EndProject
Project("{FAE04EC0-301F-11D3-BF4B-00C04F79EFBC}") = "StdIoHost", "StdIoHost\StdIoHost.csproj", "{E40659B5-23E1-44D9-BCE5-1A383CF0C899}"
EndProject
Global
	GlobalSection(SolutionConfigurationPlatforms) = preSolution
		Debug|Any CPU = Debug|Any CPU
		Release|Any CPU = Release|Any CPU
	EndGlobalSection
	GlobalSection(ProjectConfigurationPlatforms) = postSolution
		{DF3534C7-4DF6-40AA-8D75-1D62D7619F84}.Debug|Any CPU.ActiveCfg = Debug|Any CPU
		{DF3534C7-4DF6-40AA-8D75-1D62D7619F84}.Debug|Any CPU.Build.0 = Debug|Any CPU
		{DF3534C7-4DF6-40AA-8D75-1D62D7619F84}.Release|Any CPU.ActiveCfg = Release|Any CPU
		{DF3534C7-4DF6-40AA-8D75-1D62D7619F84}.Release|Any CPU.Build.0 = Release|Any CPU
		{E40659B5-23E1-44D9-BCE5-1A383CF0C899}.Debug|Any CPU.ActiveCfg = Debug|Any CPU
		{E40659B5-23E1-44D9-BCE5-1A383CF0C899}.Debug|Any CPU.Build.0 = Debug|Any CPU
		{E40659B5-23E1-44D9-BCE5-1A383CF0C899}.Release|Any CPU.ActiveCfg = Release|Any CPU
		{E40659B5-23E1-44D9-BCE5-1A383CF0C899}.Release|Any CPU.Build.0 = Release|Any CPU
	EndGlobalSection
EndGlobal
