
Microsoft Visual Studio Solution File, Format Version 12.00
Project("{FAE04EC0-301F-11D3-BF4B-00C04F79EFBC}") = "LibraryThatJustReferencesFramework", "LibraryThatJustReferencesFramework\LibraryThatJustReferencesFramework.csproj", "{2B4F5F2B-B94B-465E-8089-A95C43B7A2EC}"
EndProject
Global
	GlobalSection(SolutionConfigurationPlatforms) = preSolution
		Debug|Any CPU = Debug|Any CPU
		Release|Any CPU = Release|Any CPU
	EndGlobalSection
	GlobalSection(ProjectConfigurationPlatforms) = postSolution
		{2B4F5F2B-B94B-465E-8089-A95C43B7A2EC}.Debug|Any CPU.ActiveCfg = Debug|Any CPU
		{2B4F5F2B-B94B-465E-8089-A95C43B7A2EC}.Debug|Any CPU.Build.0 = Debug|Any CPU
		{2B4F5F2B-B94B-465E-8089-A95C43B7A2EC}.Release|Any CPU.ActiveCfg = Release|Any CPU
		{2B4F5F2B-B94B-465E-8089-A95C43B7A2EC}.Release|Any CPU.Build.0 = Release|Any CPU
	EndGlobalSection
EndGlobal
